# THIS IS AN AUTOGENERATED FILE. DO NOT EDIT THIS FILE DIRECTLY.
# yarn lockfile v1


"@tauri-apps/api@2.0.0-beta.13":
  version "2.0.0-beta.13"
  resolved "https://registry.yarnpkg.com/@tauri-apps/api/-/api-2.0.0-beta.13.tgz#53ec5117d042d560615afec2d38a6d38ee20ff22"
  integrity sha512-Np1opKANzRMF3lgJ9gDquBCB9SxlE2lRmNpVx1+L6RyzAmigkuh0ZulT5jMnDA3JLsuSDU135r/s4t/Pmx4atg==

"@tauri-apps/cli-darwin-arm64@2.0.0-beta.20":
  version "2.0.0-beta.20"
  resolved "https://registry.yarnpkg.com/@tauri-apps/cli-darwin-arm64/-/cli-darwin-arm64-2.0.0-beta.20.tgz#d01f6af21cbe3a7af685388a518fe35a22a33ceb"
  integrity sha512-oCJOCib7GuYkwkBXx+ekamR8NZZU+2i3MLP+DHpDxK5gS2uhCE+CBkamJkNt6y1x6xdVnwyqZOm5RvN4SRtyIA==

"@tauri-apps/cli-darwin-x64@2.0.0-beta.20":
  version "2.0.0-beta.20"
  resolved "https://registry.yarnpkg.com/@tauri-apps/cli-darwin-x64/-/cli-darwin-x64-2.0.0-beta.20.tgz#18f4992ba418d97a4a3b0fa03d2d3e9a66f6bfe7"
  integrity sha512-lC5QSnRExedYN4Ds6ZlSvC2PxP8qfIYBJQ5ktf+PJI5gQALdNeVtd6YnTG1ODCEklfLq9WKkGwp7JdALTU5wDA==

"@tauri-apps/cli-linux-arm-gnueabihf@2.0.0-beta.20":
  version "2.0.0-beta.20"
  resolved "https://registry.yarnpkg.com/@tauri-apps/cli-linux-arm-gnueabihf/-/cli-linux-arm-gnueabihf-2.0.0-beta.20.tgz#57e737ab475d2a8a52d7c99a8f9d524c356b89d4"
  integrity sha512-nZCeBMHHye5DLOJV5k2w658hnCS+LYaOZ8y/G9l3ei+g0L/HBjlSy6r4simsAT5TG8+l3oCZzLBngfTMdDS/YA==

"@tauri-apps/cli-linux-arm64-gnu@2.0.0-beta.20":
  version "2.0.0-beta.20"
  resolved "https://registry.yarnpkg.com/@tauri-apps/cli-linux-arm64-gnu/-/cli-linux-arm64-gnu-2.0.0-beta.20.tgz#8c0bd95f08ecd6cfe93a5e317d21d19df9cf492c"
  integrity sha512-B79ISVLPVBgwnCchVqwTKU+vxnFYqxKomcR4rmsvxfs0NVtT5QuNzE1k4NUQnw3966yjwhYR3mnHsSJQSB4Eyw==

"@tauri-apps/cli-linux-arm64-musl@2.0.0-beta.20":
  version "2.0.0-beta.20"
  resolved "https://registry.yarnpkg.com/@tauri-apps/cli-linux-arm64-musl/-/cli-linux-arm64-musl-2.0.0-beta.20.tgz#1b00f80988c7c34f1b491e9a666ee28193e10945"
  integrity sha512-ojIkv/1uZHhcrgfIN8xgn4BBeo/Xg+bnV0wer6lD78zyxkUMWeEZ+u3mae1ejCJNhhaZOxNaUQ67MvDOiGyr5Q==

"@tauri-apps/cli-linux-x64-gnu@2.0.0-beta.20":
  version "2.0.0-beta.20"
  resolved "https://registry.yarnpkg.com/@tauri-apps/cli-linux-x64-gnu/-/cli-linux-x64-gnu-2.0.0-beta.20.tgz#e7591785dc54911c76a2fb84586b9d08f94379bb"
  integrity sha512-xBy1FNbHKlc7T6pOmFQQPECxJaI5A9QWX7Kb9N64cNVusoOGlvc3xHYkXMS4PTr7xXOT0yiE1Ww2OwDRJ3lYsg==

"@tauri-apps/cli-linux-x64-musl@2.0.0-beta.20":
  version "2.0.0-beta.20"
  resolved "https://registry.yarnpkg.com/@tauri-apps/cli-linux-x64-musl/-/cli-linux-x64-musl-2.0.0-beta.20.tgz#c8c88789c6c312b126136a4a3e87166f6178171a"
  integrity sha512-+O6zq5jmtUxA1FUAAwF2ywPysy4NRo2Y6G+ESZDkY9XosRwdt5OUjqAsYktZA3AxDMZVei8r9buwTqUwi9ny/g==

"@tauri-apps/cli-win32-arm64-msvc@2.0.0-beta.20":
  version "2.0.0-beta.20"
  resolved "https://registry.yarnpkg.com/@tauri-apps/cli-win32-arm64-msvc/-/cli-win32-arm64-msvc-2.0.0-beta.20.tgz#96361d77e43e2e7c67e1dd8fc11562e053e90ab7"
  integrity sha512-RswgMbWyOQcv53CHvIuiuhAh4kKDqaGyZfWD4VlxqX/XhkoF5gsNgr0MxzrY7pmoL+89oVI+fiGVJz4nOQE5vA==

"@tauri-apps/cli-win32-ia32-msvc@2.0.0-beta.20":
  version "2.0.0-beta.20"
  resolved "https://registry.yarnpkg.com/@tauri-apps/cli-win32-ia32-msvc/-/cli-win32-ia32-msvc-2.0.0-beta.20.tgz#1acedfc84941a205afc4eeff9e1ba02d6febc21f"
  integrity sha512-5lgWmDVXhX3SBGbiv5SduM1yajiRnUEJClWhSdRrEEJeXdsxpCsBEhxYnUnDCEzPKxLLn5fdBv3VrVctJ03csQ==

"@tauri-apps/cli-win32-x64-msvc@2.0.0-beta.20":
  version "2.0.0-beta.20"
  resolved "https://registry.yarnpkg.com/@tauri-apps/cli-win32-x64-msvc/-/cli-win32-x64-msvc-2.0.0-beta.20.tgz#9dd3374271ab617ee640305226ac02fcbb2694b2"
  integrity sha512-SuSiiVQTQPSzWlsxQp/NMzWbzDS9TdVDOw7CCfgiG5wnT2GsxzrcIAVN6i7ILsVFLxrjr0bIgPldSJcdcH84Yw==

"@tauri-apps/cli@^2.0.0-beta":
  version "2.0.0-beta.20"
  resolved "https://registry.yarnpkg.com/@tauri-apps/cli/-/cli-2.0.0-beta.20.tgz#c78fd4c4560a0281432a057bfff89f48c1df4e13"
  integrity sha512-707q9uIc2oNrYHd2dtMvxTrpZXVpart5EIktnRymNOpphkLlB6WUBjHD+ga45WqTU6cNGKbYvkKqTNfshNul9Q==
  optionalDependencies:
    "@tauri-apps/cli-darwin-arm64" "2.0.0-beta.20"
    "@tauri-apps/cli-darwin-x64" "2.0.0-beta.20"
    "@tauri-apps/cli-linux-arm-gnueabihf" "2.0.0-beta.20"
    "@tauri-apps/cli-linux-arm64-gnu" "2.0.0-beta.20"
    "@tauri-apps/cli-linux-arm64-musl" "2.0.0-beta.20"
    "@tauri-apps/cli-linux-x64-gnu" "2.0.0-beta.20"
    "@tauri-apps/cli-linux-x64-musl" "2.0.0-beta.20"
    "@tauri-apps/cli-win32-arm64-msvc" "2.0.0-beta.20"
    "@tauri-apps/cli-win32-ia32-msvc" "2.0.0-beta.20"
    "@tauri-apps/cli-win32-x64-msvc" "2.0.0-beta.20"

"@tauri-apps/plugin-process@^2.0.0-beta":
  version "2.0.0-beta.5"
  resolved "https://registry.yarnpkg.com/@tauri-apps/plugin-process/-/plugin-process-2.0.0-beta.5.tgz#aa97b98ab4dcdd438de162e98f6f54e0230ff6e3"
  integrity sha512-UMiBm6TtNYfxRb6GwzA4PalkZGwalHdclI/t0MVG33fNXgX1PaWONR/NZW/k7JE+WpvRAnN/Kf9ur8aEzjVVSQ==
  dependencies:
    "@tauri-apps/api" "2.0.0-beta.13"

"@tauri-apps/plugin-shell@^2.0.0-beta":
  version "2.0.0-beta.6"
  resolved "https://registry.yarnpkg.com/@tauri-apps/plugin-shell/-/plugin-shell-2.0.0-beta.6.tgz#10378e753a220bdab638cbacb6b9d0039ddbe986"
  integrity sha512-g3nM9cQQGl7Iv4MvyFuco/aPTiwOI/MixcoKso3VQIg5Aqd64NqR0r+GfsB0qx52txItqzSXwmeaj1eZjO9Q6Q==
  dependencies:
    "@tauri-apps/api" "2.0.0-beta.13"

"tauri-plugin-window-state-api@https://github.com/tauri-apps/tauri-plugin-window-state#v2":
  version "2.0.0-beta.6"
  resolved "https://github.com/tauri-apps/tauri-plugin-window-state#6139ce6931099045cd746bfe6c72029b37d5ccbf"
  dependencies:
    "@tauri-apps/api" "2.0.0-beta.13"
