# THIS IS AN AUTOGENERATED FILE. DO NOT EDIT THIS FILE DIRECTLY.
# yarn lockfile v1


"@tauri-apps/api@2.0.0-beta.13":
  version "2.0.0-beta.13"
  resolved "https://registry.yarnpkg.com/@tauri-apps/api/-/api-2.0.0-beta.13.tgz#53ec5117d042d560615afec2d38a6d38ee20ff22"
  integrity sha512-Np1opKANzRMF3lgJ9gDquBCB9SxlE2lRmNpVx1+L6RyzAmigkuh0ZulT5jMnDA3JLsuSDU135r/s4t/Pmx4atg==

"@tauri-apps/api@^2.0.0-rc.0":
  version "2.0.0-rc.0"
  resolved "https://registry.yarnpkg.com/@tauri-apps/api/-/api-2.0.0-rc.0.tgz#902b4e9803ecdcc0a3913d7c09df26d651f3dfd1"
  integrity sha512-v454Qs3REHc3Za59U+/eSmBsdmF+3NE5+76+lFDaitVqN4ZglDHENDaMARYKGJVZuxiSkzyqG0SeG7lLQjVkPA==

"@tauri-apps/cli-darwin-arm64@2.0.0-rc.3":
  version "2.0.0-rc.3"
  resolved "https://registry.yarnpkg.com/@tauri-apps/cli-darwin-arm64/-/cli-darwin-arm64-2.0.0-rc.3.tgz#96fd769527aa2e7379ec2ecad6bfe682ec69761d"
  integrity sha512-szYCSr/ChbCF+S6Wnr15TYpI2cZR07d+AQOiFGuScP0preM8Pbsk/sb0hfLwqzepjVFFNVWQba9sG7FEW2Y2XA==

"@tauri-apps/cli-darwin-x64@2.0.0-rc.3":
  version "2.0.0-rc.3"
  resolved "https://registry.yarnpkg.com/@tauri-apps/cli-darwin-x64/-/cli-darwin-x64-2.0.0-rc.3.tgz#6a5c0c2304704855f21270ab04938e63b03f7dd6"
  integrity sha512-BJv6EJOY1DJbRzVtfg8CcBAlnS5OjhBAc5YKjh4BT7EyOcop8HStBSxhL6yjWrUP7eLR1iIsW/uSehVJwzYIdQ==

"@tauri-apps/cli-linux-arm-gnueabihf@2.0.0-rc.3":
  version "2.0.0-rc.3"
  resolved "https://registry.yarnpkg.com/@tauri-apps/cli-linux-arm-gnueabihf/-/cli-linux-arm-gnueabihf-2.0.0-rc.3.tgz#1517a573d7d0102eda5e34490f752ebeb0d8a47c"
  integrity sha512-fwx805/xL4sF/EdMYqcUHQHzMYwo+OVTBTz5x/JWK8D57rnmLHAP+ZhnfFsZQLRo2QRT2l1Ye3bDyU+QRA1JFA==

"@tauri-apps/cli-linux-arm64-gnu@2.0.0-rc.3":
  version "2.0.0-rc.3"
  resolved "https://registry.yarnpkg.com/@tauri-apps/cli-linux-arm64-gnu/-/cli-linux-arm64-gnu-2.0.0-rc.3.tgz#ae16937911bfca04fb5263077cc81cff142d9cd2"
  integrity sha512-3KauzO1Ls4kuY0nr82S4X8XFxlQAMN+Mqp8LLqvQ+PPMp92XQAkPH7osQdoHIEoW5gsE69U2JaiQ5tHSqNM9og==

"@tauri-apps/cli-linux-arm64-musl@2.0.0-rc.3":
  version "2.0.0-rc.3"
  resolved "https://registry.yarnpkg.com/@tauri-apps/cli-linux-arm64-musl/-/cli-linux-arm64-musl-2.0.0-rc.3.tgz#12e30fa8f6b9bdf7e666a69e69857aa08ae2bfc7"
  integrity sha512-ngHS0foffm1xO5gqnDKGeYMKj8ceGmrFP5dDldoaaMQubw1SyFa0pRUjb7fZSYiO7F4SOSa8NYeMqlF9peZmnQ==

"@tauri-apps/cli-linux-x64-gnu@2.0.0-rc.3":
  version "2.0.0-rc.3"
  resolved "https://registry.yarnpkg.com/@tauri-apps/cli-linux-x64-gnu/-/cli-linux-x64-gnu-2.0.0-rc.3.tgz#7556e666f8bb7fb8bc6a6541c2cfdd3ca0a609c4"
  integrity sha512-0/am9pVvuUHGmz32M8ffz1fpLnc08j3nzcRe5wUdL2AxfT+wKMII+Dn99GtCVgcdDW4jSXDMRUwrBkGocGC2OA==

"@tauri-apps/cli-linux-x64-musl@2.0.0-rc.3":
  version "2.0.0-rc.3"
  resolved "https://registry.yarnpkg.com/@tauri-apps/cli-linux-x64-musl/-/cli-linux-x64-musl-2.0.0-rc.3.tgz#d4f7ed697a3ea1e9792dd9eae2d86a1023adcdbb"
  integrity sha512-r7mRi8q8TqTFVjb9kAsU7IgwUgno2s8Ip4xwq9psQhlRE3JGEZQmSEcy1jqTjfl6KFh6lJcDR7l+9/EMhL/D3Q==

"@tauri-apps/cli-win32-arm64-msvc@2.0.0-rc.3":
  version "2.0.0-rc.3"
  resolved "https://registry.yarnpkg.com/@tauri-apps/cli-win32-arm64-msvc/-/cli-win32-arm64-msvc-2.0.0-rc.3.tgz#ece9362599638384ddf9ab7350fce439f730634d"
  integrity sha512-2J6KjmDIQCw6HF1X6/yPcd+JLl7pxrH2zVMGmNllaoWhHeByvRobqFWnT7gcdHaA3dGTo432CwWvOgTgrINQpQ==

"@tauri-apps/cli-win32-ia32-msvc@2.0.0-rc.3":
  version "2.0.0-rc.3"
  resolved "https://registry.yarnpkg.com/@tauri-apps/cli-win32-ia32-msvc/-/cli-win32-ia32-msvc-2.0.0-rc.3.tgz#eedd9b552dacc5837ba4d2d57b69034a2aaed307"
  integrity sha512-8q75CsHDSEDdgi6xPwim+BaQZFCswK2Dn/qL38V3Mh9kmVvC8oGJMPC66bC20dF+v3KWeFm2FNNGQqOSXCveHg==

"@tauri-apps/cli-win32-x64-msvc@2.0.0-rc.3":
  version "2.0.0-rc.3"
  resolved "https://registry.yarnpkg.com/@tauri-apps/cli-win32-x64-msvc/-/cli-win32-x64-msvc-2.0.0-rc.3.tgz#f1d22c1bcf80dba646b3e1ec77e50f9d6012fadf"
  integrity sha512-qeBRJYalahxEXolekcpZJ/HBrIJacG2NWJBGhhi797mIwnbmlpbHMc8blIJtNNNwVUb2BjXuxKQVfojQ5YYrcg==

"@tauri-apps/cli@^2.0.0-rc.3":
  version "2.0.0-rc.3"
  resolved "https://registry.yarnpkg.com/@tauri-apps/cli/-/cli-2.0.0-rc.3.tgz#760a518492a0befced7ff623375424960152e724"
  integrity sha512-iNF95pieBmverl1EmQyqh+fhcIClS544fN5Ex5lAbYLTiHZ/gm3lOfVBhF6NPaKd/sfLuy7K1tfDXlHztBfANw==
  optionalDependencies:
    "@tauri-apps/cli-darwin-arm64" "2.0.0-rc.3"
    "@tauri-apps/cli-darwin-x64" "2.0.0-rc.3"
    "@tauri-apps/cli-linux-arm-gnueabihf" "2.0.0-rc.3"
    "@tauri-apps/cli-linux-arm64-gnu" "2.0.0-rc.3"
    "@tauri-apps/cli-linux-arm64-musl" "2.0.0-rc.3"
    "@tauri-apps/cli-linux-x64-gnu" "2.0.0-rc.3"
    "@tauri-apps/cli-linux-x64-musl" "2.0.0-rc.3"
    "@tauri-apps/cli-win32-arm64-msvc" "2.0.0-rc.3"
    "@tauri-apps/cli-win32-ia32-msvc" "2.0.0-rc.3"
    "@tauri-apps/cli-win32-x64-msvc" "2.0.0-rc.3"

"@tauri-apps/plugin-process@^2.0.0-rc.0":
  version "2.0.0-rc.0"
  resolved "https://registry.yarnpkg.com/@tauri-apps/plugin-process/-/plugin-process-2.0.0-rc.0.tgz#0bec4448b655f56cb55fcd6e8cdf1dd69d7ffa7b"
  integrity sha512-Z12D/kmQzG1vCVf+jLXPhPDUA0pEjFrsg4p0uwO2sotVLM9287IuTM+aIz9cuAYOxFLKcsnDG7amSCL9IfA1gw==
  dependencies:
    "@tauri-apps/api" "^2.0.0-rc.0"

"@tauri-apps/plugin-shell@^2.0.0-rc.0":
  version "2.0.0-rc.0"
  resolved "https://registry.yarnpkg.com/@tauri-apps/plugin-shell/-/plugin-shell-2.0.0-rc.0.tgz#41645da666375930f95ee2155fb9dd5a02874952"
  integrity sha512-bhUcQcrqZoK8H1DFXapr5r1Z75oh6Kd5Tltz97XpZFLREEqp+KhN2Fvyh8r/fKAyenYsTYUIsDsyGdjdueuF9g==
  dependencies:
    "@tauri-apps/api" "^2.0.0-rc.0"

"tauri-plugin-window-state-api@https://github.com/tauri-apps/tauri-plugin-window-state#v2":
  version "2.0.0-beta.6"
  resolved "https://github.com/tauri-apps/tauri-plugin-window-state#6139ce6931099045cd746bfe6c72029b37d5ccbf"
  dependencies:
    "@tauri-apps/api" "2.0.0-beta.13"
