# THIS IS AN AUTOGENERATED FILE. DO NOT EDIT THIS FILE DIRECTLY.
# yarn lockfile v1


"@tauri-apps/api@^2.0.0":
  version "2.0.3"
  resolved "https://registry.yarnpkg.com/@tauri-apps/api/-/api-2.0.3.tgz#a5cce324373e56d12a43ca2f6a8d730c04e92f80"
  integrity sha512-840qk6n8rbXBXMA5/aAgTYsg5JAubKO0nXw5wf7IzGnUuYKGbB4oFBIZtXOIWy+E0kNTDI3qhq5iqsoMJfwp8g==

"@tauri-apps/cli-darwin-arm64@2.1.0":
  version "2.1.0"
  resolved "https://registry.yarnpkg.com/@tauri-apps/cli-darwin-arm64/-/cli-darwin-arm64-2.1.0.tgz#e9b020d25bc3be1ba86a7e330c65f27c2438cb0f"
  integrity sha512-ESc6J6CE8hl1yKH2vJ+ALF+thq4Be+DM1mvmTyUCQObvezNCNhzfS6abIUd3ou4x5RGH51ouiANeT3wekU6dCw==

"@tauri-apps/cli-darwin-x64@2.1.0":
  version "2.1.0"
  resolved "https://registry.yarnpkg.com/@tauri-apps/cli-darwin-x64/-/cli-darwin-x64-2.1.0.tgz#08c5f446b65bc351a8e74c0c8019324ae6864351"
  integrity sha512-TasHS442DFs8cSH2eUQzuDBXUST4ECjCd0yyP+zZzvAruiB0Bg+c8A+I/EnqCvBQ2G2yvWLYG8q/LI7c87A5UA==

"@tauri-apps/cli-linux-arm-gnueabihf@2.1.0":
  version "2.1.0"
  resolved "https://registry.yarnpkg.com/@tauri-apps/cli-linux-arm-gnueabihf/-/cli-linux-arm-gnueabihf-2.1.0.tgz#681d0967d0335b93ed8ab4b8bb5d820c72cc8abf"
  integrity sha512-aP7ZBGNL4ny07Cbb6kKpUOSrmhcIK2KhjviTzYlh+pPhAptxnC78xQGD3zKQkTi2WliJLPmBYbOHWWQa57lQ9w==

"@tauri-apps/cli-linux-arm64-gnu@2.1.0":
  version "2.1.0"
  resolved "https://registry.yarnpkg.com/@tauri-apps/cli-linux-arm64-gnu/-/cli-linux-arm64-gnu-2.1.0.tgz#922ddc50849ae9f2976f30fdb4b79708badb767b"
  integrity sha512-ZTdgD5gLeMCzndMT2f358EkoYkZ5T+Qy6zPzU+l5vv5M7dHVN9ZmblNAYYXmoOuw7y+BY4X/rZvHV9pcGrcanQ==

"@tauri-apps/cli-linux-arm64-musl@2.1.0":
  version "2.1.0"
  resolved "https://registry.yarnpkg.com/@tauri-apps/cli-linux-arm64-musl/-/cli-linux-arm64-musl-2.1.0.tgz#063020d217faf90b226d93b5054546ae0db14c16"
  integrity sha512-NzwqjUCilhnhJzusz3d/0i0F1GFrwCQbkwR6yAHUxItESbsGYkZRJk0yMEWkg3PzFnyK4cWTlQJMEU52TjhEzA==

"@tauri-apps/cli-linux-x64-gnu@2.1.0":
  version "2.1.0"
  resolved "https://registry.yarnpkg.com/@tauri-apps/cli-linux-x64-gnu/-/cli-linux-x64-gnu-2.1.0.tgz#7d7991a2b956232f96ec614f15189d408421dc03"
  integrity sha512-TyiIpMEtZxNOQmuFyfJwaaYbg3movSthpBJLIdPlKxSAB2BW0VWLY3/ZfIxm/G2YGHyREkjJvimzYE0i37PnMA==

"@tauri-apps/cli-linux-x64-musl@2.1.0":
  version "2.1.0"
  resolved "https://registry.yarnpkg.com/@tauri-apps/cli-linux-x64-musl/-/cli-linux-x64-musl-2.1.0.tgz#af6293ce56296619d656342f11d83c35c8465979"
  integrity sha512-/dQd0TlaxBdJACrR72DhynWftzHDaX32eBtS5WBrNJ+nnNb+znM3gON6nJ9tSE9jgDa6n1v2BkI/oIDtypfUXw==

"@tauri-apps/cli-win32-arm64-msvc@2.1.0":
  version "2.1.0"
  resolved "https://registry.yarnpkg.com/@tauri-apps/cli-win32-arm64-msvc/-/cli-win32-arm64-msvc-2.1.0.tgz#adb2b17d9939cdbcb136c5e24bf90d15485265dc"
  integrity sha512-NdQJO7SmdYqOcE+JPU7bwg7+odfZMWO6g8xF9SXYCMdUzvM2Gv/AQfikNXz5yS7ralRhNFuW32i5dcHlxh4pDg==

"@tauri-apps/cli-win32-ia32-msvc@2.1.0":
  version "2.1.0"
  resolved "https://registry.yarnpkg.com/@tauri-apps/cli-win32-ia32-msvc/-/cli-win32-ia32-msvc-2.1.0.tgz#5356a56a30bfc50a0edde3e91c16ccd3fa837d71"
  integrity sha512-f5h8gKT/cB8s1ticFRUpNmHqkmaLutT62oFDB7N//2YTXnxst7EpMIn1w+QimxTvTk2gcx6EcW6bEk/y2hZGzg==

"@tauri-apps/cli-win32-x64-msvc@2.1.0":
  version "2.1.0"
  resolved "https://registry.yarnpkg.com/@tauri-apps/cli-win32-x64-msvc/-/cli-win32-x64-msvc-2.1.0.tgz#065f76de7a3aabe6d490b7f15cb09e7f8e911614"
  integrity sha512-P/+LrdSSb5Xbho1LRP4haBjFHdyPdjWvGgeopL96OVtrFpYnfC+RctB45z2V2XxqFk3HweDDxk266btjttfjGw==

"@tauri-apps/cli@^2.1.0":
  version "2.1.0"
  resolved "https://registry.yarnpkg.com/@tauri-apps/cli/-/cli-2.1.0.tgz#adf1860f809008223ef08a0de47c88ab79388adb"
  integrity sha512-K2VhcKqBhAeS5pNOVdnR/xQRU6jwpgmkSL2ejHXcl0m+kaTggT0WRDQnFtPq6NljA7aE03cvwsbCAoFG7vtkJw==
  optionalDependencies:
    "@tauri-apps/cli-darwin-arm64" "2.1.0"
    "@tauri-apps/cli-darwin-x64" "2.1.0"
    "@tauri-apps/cli-linux-arm-gnueabihf" "2.1.0"
    "@tauri-apps/cli-linux-arm64-gnu" "2.1.0"
    "@tauri-apps/cli-linux-arm64-musl" "2.1.0"
    "@tauri-apps/cli-linux-x64-gnu" "2.1.0"
    "@tauri-apps/cli-linux-x64-musl" "2.1.0"
    "@tauri-apps/cli-win32-arm64-msvc" "2.1.0"
    "@tauri-apps/cli-win32-ia32-msvc" "2.1.0"
    "@tauri-apps/cli-win32-x64-msvc" "2.1.0"

"@tauri-apps/plugin-process@^2.2.0":
  version "2.2.0"
  resolved "https://registry.yarnpkg.com/@tauri-apps/plugin-process/-/plugin-process-2.2.0.tgz#e9f9b510374250967d2ba7d343a08c9024bdd473"
  integrity sha512-uypN2Crmyop9z+KRJr3zl71OyVFgTuvHFjsJ0UxxQ/J5212jVa5w4nPEYjIewcn8bUEXacRebwE6F7owgrbhSw==
  dependencies:
    "@tauri-apps/api" "^2.0.0"

"@tauri-apps/plugin-shell@^2.2.1":
  version "2.2.1"
  resolved "https://registry.yarnpkg.com/@tauri-apps/plugin-shell/-/plugin-shell-2.2.1.tgz#586ab725ef622ba65a946bff1a3e166cee181903"
  integrity sha512-G1GFYyWe/KlCsymuLiNImUgC8zGY0tI0Y3p8JgBCWduR5IEXlIJS+JuG1qtveitwYXlfJrsExt3enhv5l2/yhA==
  dependencies:
    "@tauri-apps/api" "^2.0.0"

"@tauri-apps/plugin-window-state@^2.2.0":
  version "2.2.0"
  resolved "https://registry.yarnpkg.com/@tauri-apps/plugin-window-state/-/plugin-window-state-2.2.0.tgz#98f483409c79a2533bf153ea34b0ff34de5e597a"
  integrity sha512-PFZ/vkZ6UPaRyuggEn8jWc/xwpiEw3Id8i6bin54zUR3vHY0MOK+ovvpvp6SEHKryCJbZMigYJz0OUT2eZ4YmQ==
  dependencies:
    "@tauri-apps/api" "^2.0.0"
